// !$*UTF8*$!
{
	archiveVersion = 1;
	classes = {
	};
	objectVersion = 55;
	objects = {

/* Begin PBXBuildFile section */
		B422473227CC978400B93845 /* AppDelegate.m in Sources */ = {isa = PBXBuildFile; fileRef = B422473127CC978400B93845 /* AppDelegate.m */; };
		B422473527CC978400B93845 /* SceneDelegate.m in Sources */ = {isa = PBXBuildFile; fileRef = B422473427CC978400B93845 /* SceneDelegate.m */; };
		B422473827CC978400B93845 /* ViewController.m in Sources */ = {isa = PBXBuildFile; fileRef = B422473727CC978400B93845 /* ViewController.m */; };
		B422473B27CC978400B93845 /* Main.storyboard in Resources */ = {isa = PBXBuildFile; fileRef = B422473927CC978400B93845 /* Main.storyboard */; };
		B422473D27CC978600B93845 /* Assets.xcassets in Resources */ = {isa = PBXBuildFile; fileRef = B422473C27CC978600B93845 /* Assets.xcassets */; };
		B422474027CC978600B93845 /* LaunchScreen.storyboard in Resources */ = {isa = PBXBuildFile; fileRef = B422473E27CC978600B93845 /* LaunchScreen.storyboard */; };
		B422474327CC978600B93845 /* main.m in Sources */ = {isa = PBXBuildFile; fileRef = B422474227CC978600B93845 /* main.m */; };
		B422474D27CC978600B93845 /* ComheTests.m in Sources */ = {isa = PBXBuildFile; fileRef = B422474C27CC978600B93845 /* ComheTests.m */; };
		B422475727CC978600B93845 /* ComheUITests.m in Sources */ = {isa = PBXBuildFile; fileRef = B422475627CC978600B93845 /* ComheUITests.m */; };
		B422475927CC978600B93845 /* ComheUITestsLaunchTests.m in Sources */ = {isa = PBXBuildFile; fileRef = B422475827CC978600B93845 /* ComheUITestsLaunchTests.m */; };
		B422477627CC97DE00B93845 /* CHomeHeaderListView.m in Sources */ = {isa = PBXBuildFile; fileRef = B422476C27CC97DE00B93845 /* CHomeHeaderListView.m */; };
		B422477727CC97DE00B93845 /* CHomeHeaderCollectionViewCell.m in Sources */ = {isa = PBXBuildFile; fileRef = B422477027CC97DE00B93845 /* CHomeHeaderCollectionViewCell.m */; };
		B422477827CC97DE00B93845 /* CHomeHeaderView.m in Sources */ = {isa = PBXBuildFile; fileRef = B422477127CC97DE00B93845 /* CHomeHeaderView.m */; };
		B422477927CC97DE00B93845 /* UIView+JYFrame.m in Sources */ = {isa = PBXBuildFile; fileRef = B422477327CC97DE00B93845 /* UIView+JYFrame.m */; };
		B46B3F9627CDB51E004E4ABD /* CDrinkModel.m in Sources */ = {isa = PBXBuildFile; fileRef = B46B3F9527CDB51E004E4ABD /* CDrinkModel.m */; };
		B46B3F9927CDDA48004E4ABD /* UIColor+Extensions.m in Sources */ = {isa = PBXBuildFile; fileRef = B46B3F9827CDDA47004E4ABD /* UIColor+Extensions.m */; };
		B46B3F9E27CDE2B8004E4ABD /* CHomeSwitchView.m in Sources */ = {isa = PBXBuildFile; fileRef = B46B3F9D27CDE2B8004E4ABD /* CHomeSwitchView.m */; };
		B46B3FA127CDE842004E4ABD /* CHomeMoidView.m in Sources */ = {isa = PBXBuildFile; fileRef = B46B3FA027CDE842004E4ABD /* CHomeMoidView.m */; };
		B48708D227CF1A0A00E97E22 /* UIDeviceHelper.m in Sources */ = {isa = PBXBuildFile; fileRef = B48708D127CF1A0A00E97E22 /* UIDeviceHelper.m */; };
/* End PBXBuildFile section */

/* Begin PBXContainerItemProxy section */
		B422474927CC978600B93845 /* PBXContainerItemProxy */ = {
			isa = PBXContainerItemProxy;
			containerPortal = B422472527CC978400B93845 /* Project object */;
			proxyType = 1;
			remoteGlobalIDString = B422472C27CC978400B93845;
			remoteInfo = Comhe;
		};
		B422475327CC978600B93845 /* PBXContainerItemProxy */ = {
			isa = PBXContainerItemProxy;
			containerPortal = B422472527CC978400B93845 /* Project object */;
			proxyType = 1;
			remoteGlobalIDString = B422472C27CC978400B93845;
			remoteInfo = Comhe;
		};
/* End PBXContainerItemProxy section */

/* Begin PBXFileReference section */
		B422472D27CC978400B93845 /* Comhe.app */ = {isa = PBXFileReference; explicitFileType = wrapper.application; includeInIndex = 0; path = Comhe.app; sourceTree = BUILT_PRODUCTS_DIR; };
		B422473027CC978400B93845 /* AppDelegate.h */ = {isa = PBXFileReference; lastKnownFileType = sourcecode.c.h; path = AppDelegate.h; sourceTree = "<group>"; };
		B422473127CC978400B93845 /* AppDelegate.m */ = {isa = PBXFileReference; lastKnownFileType = sourcecode.c.objc; path = AppDelegate.m; sourceTree = "<group>"; };
		B422473327CC978400B93845 /* SceneDelegate.h */ = {isa = PBXFileReference; lastKnownFileType = sourcecode.c.h; path = SceneDelegate.h; sourceTree = "<group>"; };
		B422473427CC978400B93845 /* SceneDelegate.m */ = {isa = PBXFileReference; lastKnownFileType = sourcecode.c.objc; path = SceneDelegate.m; sourceTree = "<group>"; };
		B422473627CC978400B93845 /* ViewController.h */ = {isa = PBXFileReference; lastKnownFileType = sourcecode.c.h; path = ViewController.h; sourceTree = "<group>"; };
		B422473727CC978400B93845 /* ViewController.m */ = {isa = PBXFileReference; lastKnownFileType = sourcecode.c.objc; path = ViewController.m; sourceTree = "<group>"; };
		B422473A27CC978400B93845 /* Base */ = {isa = PBXFileReference; lastKnownFileType = file.storyboard; name = Base; path = Base.lproj/Main.storyboard; sourceTree = "<group>"; };
		B422473C27CC978600B93845 /* Assets.xcassets */ = {isa = PBXFileReference; lastKnownFileType = folder.assetcatalog; path = Assets.xcassets; sourceTree = "<group>"; };
		B422473F27CC978600B93845 /* Base */ = {isa = PBXFileReference; lastKnownFileType = file.storyboard; name = Base; path = Base.lproj/LaunchScreen.storyboard; sourceTree = "<group>"; };
		B422474127CC978600B93845 /* Info.plist */ = {isa = PBXFileReference; lastKnownFileType = text.plist.xml; path = Info.plist; sourceTree = "<group>"; };
		B422474227CC978600B93845 /* main.m */ = {isa = PBXFileReference; lastKnownFileType = sourcecode.c.objc; path = main.m; sourceTree = "<group>"; };
		B422474827CC978600B93845 /* ComheTests.xctest */ = {isa = PBXFileReference; explicitFileType = wrapper.cfbundle; includeInIndex = 0; path = ComheTests.xctest; sourceTree = BUILT_PRODUCTS_DIR; };
		B422474C27CC978600B93845 /* ComheTests.m */ = {isa = PBXFileReference; lastKnownFileType = sourcecode.c.objc; path = ComheTests.m; sourceTree = "<group>"; };
		B422475227CC978600B93845 /* ComheUITests.xctest */ = {isa = PBXFileReference; explicitFileType = wrapper.cfbundle; includeInIndex = 0; path = ComheUITests.xctest; sourceTree = BUILT_PRODUCTS_DIR; };
		B422475627CC978600B93845 /* ComheUITests.m */ = {isa = PBXFileReference; lastKnownFileType = sourcecode.c.objc; path = ComheUITests.m; sourceTree = "<group>"; };
		B422475827CC978600B93845 /* ComheUITestsLaunchTests.m */ = {isa = PBXFileReference; lastKnownFileType = sourcecode.c.objc; path = ComheUITestsLaunchTests.m; sourceTree = "<group>"; };
		B422476C27CC97DE00B93845 /* CHomeHeaderListView.m */ = {isa = PBXFileReference; fileEncoding = 4; lastKnownFileType = sourcecode.c.objc; path = CHomeHeaderListView.m; sourceTree = "<group>"; };
		B422476D27CC97DE00B93845 /* CHomeHeaderView.h */ = {isa = PBXFileReference; fileEncoding = 4; lastKnownFileType = sourcecode.c.h; path = CHomeHeaderView.h; sourceTree = "<group>"; };
		B422476E27CC97DE00B93845 /* CHomeHeaderCollectionViewCell.h */ = {isa = PBXFileReference; fileEncoding = 4; lastKnownFileType = sourcecode.c.h; path = CHomeHeaderCollectionViewCell.h; sourceTree = "<group>"; };
		B422476F27CC97DE00B93845 /* CHomeHeaderListView.h */ = {isa = PBXFileReference; fileEncoding = 4; lastKnownFileType = sourcecode.c.h; path = CHomeHeaderListView.h; sourceTree = "<group>"; };
		B422477027CC97DE00B93845 /* CHomeHeaderCollectionViewCell.m */ = {isa = PBXFileReference; fileEncoding = 4; lastKnownFileType = sourcecode.c.objc; path = CHomeHeaderCollectionViewCell.m; sourceTree = "<group>"; };
		B422477127CC97DE00B93845 /* CHomeHeaderView.m */ = {isa = PBXFileReference; fileEncoding = 4; lastKnownFileType = sourcecode.c.objc; path = CHomeHeaderView.m; sourceTree = "<group>"; };
		B422477327CC97DE00B93845 /* UIView+JYFrame.m */ = {isa = PBXFileReference; fileEncoding = 4; lastKnownFileType = sourcecode.c.objc; path = "UIView+JYFrame.m"; sourceTree = "<group>"; };
		B422477427CC97DE00B93845 /* UIView+JYFrame.h */ = {isa = PBXFileReference; fileEncoding = 4; lastKnownFileType = sourcecode.c.h; path = "UIView+JYFrame.h"; sourceTree = "<group>"; };
		B42247BD27CC9E4100B93845 /* CPrefixHeader.h */ = {isa = PBXFileReference; lastKnownFileType = sourcecode.c.h; path = CPrefixHeader.h; sourceTree = "<group>"; };
		B46B3F9427CDB51E004E4ABD /* CDrinkModel.h */ = {isa = PBXFileReference; lastKnownFileType = sourcecode.c.h; path = CDrinkModel.h; sourceTree = "<group>"; };
		B46B3F9527CDB51E004E4ABD /* CDrinkModel.m */ = {isa = PBXFileReference; lastKnownFileType = sourcecode.c.objc; path = CDrinkModel.m; sourceTree = "<group>"; };
		B46B3F9727CDDA47004E4ABD /* UIColor+Extensions.h */ = {isa = PBXFileReference; lastKnownFileType = sourcecode.c.h; path = "UIColor+Extensions.h"; sourceTree = "<group>"; };
		B46B3F9827CDDA47004E4ABD /* UIColor+Extensions.m */ = {isa = PBXFileReference; lastKnownFileType = sourcecode.c.objc; path = "UIColor+Extensions.m"; sourceTree = "<group>"; };
		B46B3F9C27CDE2B8004E4ABD /* CHomeSwitchView.h */ = {isa = PBXFileReference; lastKnownFileType = sourcecode.c.h; path = CHomeSwitchView.h; sourceTree = "<group>"; };
		B46B3F9D27CDE2B8004E4ABD /* CHomeSwitchView.m */ = {isa = PBXFileReference; lastKnownFileType = sourcecode.c.objc; path = CHomeSwitchView.m; sourceTree = "<group>"; };
		B46B3F9F27CDE842004E4ABD /* CHomeMoidView.h */ = {isa = PBXFileReference; lastKnownFileType = sourcecode.c.h; path = CHomeMoidView.h; sourceTree = "<group>"; };
		B46B3FA027CDE842004E4ABD /* CHomeMoidView.m */ = {isa = PBXFileReference; lastKnownFileType = sourcecode.c.objc; path = CHomeMoidView.m; sourceTree = "<group>"; };
		B48708D027CF1A0A00E97E22 /* UIDeviceHelper.h */ = {isa = PBXFileReference; lastKnownFileType = sourcecode.c.h; path = UIDeviceHelper.h; sourceTree = "<group>"; };
		B48708D127CF1A0A00E97E22 /* UIDeviceHelper.m */ = {isa = PBXFileReference; lastKnownFileType = sourcecode.c.objc; path = UIDeviceHelper.m; sourceTree = "<group>"; };
/* End PBXFileReference section */

/* Begin PBXFrameworksBuildPhase section */
		B422472A27CC978400B93845 /* Frameworks */ = {
			isa = PBXFrameworksBuildPhase;
			buildActionMask = 2147483647;
			files = (
			);
			runOnlyForDeploymentPostprocessing = 0;
		};
		B422474527CC978600B93845 /* Frameworks */ = {
			isa = PBXFrameworksBuildPhase;
			buildActionMask = 2147483647;
			files = (
			);
			runOnlyForDeploymentPostprocessing = 0;
		};
		B422474F27CC978600B93845 /* Frameworks */ = {
			isa = PBXFrameworksBuildPhase;
			buildActionMask = 2147483647;
			files = (
			);
			runOnlyForDeploymentPostprocessing = 0;
		};
/* End PBXFrameworksBuildPhase section */

/* Begin PBXGroup section */
		B422472427CC978400B93845 = {
			isa = PBXGroup;
			children = (
				B422472F27CC978400B93845 /* Comhe */,
				B422474B27CC978600B93845 /* ComheTests */,
				B422475527CC978600B93845 /* ComheUITests */,
				B422472E27CC978400B93845 /* Products */,
			);
			sourceTree = "<group>";
		};
		B422472E27CC978400B93845 /* Products */ = {
			isa = PBXGroup;
			children = (
				B422472D27CC978400B93845 /* Comhe.app */,
				B422474827CC978600B93845 /* ComheTests.xctest */,
				B422475227CC978600B93845 /* ComheUITests.xctest */,
			);
			name = Products;
			sourceTree = "<group>";
		};
		B422472F27CC978400B93845 /* Comhe */ = {
			isa = PBXGroup;
			children = (
				B422476727CC97DE00B93845 /* Home */,
				B422477227CC97DE00B93845 /* Tool */,
				B422473027CC978400B93845 /* AppDelegate.h */,
				B422473127CC978400B93845 /* AppDelegate.m */,
				B422473327CC978400B93845 /* SceneDelegate.h */,
				B422473427CC978400B93845 /* SceneDelegate.m */,
				B422473627CC978400B93845 /* ViewController.h */,
				B422473727CC978400B93845 /* ViewController.m */,
				B422473927CC978400B93845 /* Main.storyboard */,
				B422473C27CC978600B93845 /* Assets.xcassets */,
				B422473E27CC978600B93845 /* LaunchScreen.storyboard */,
				B422474127CC978600B93845 /* Info.plist */,
				B422474227CC978600B93845 /* main.m */,
			);
			path = Comhe;
			sourceTree = "<group>";
		};
		B422474B27CC978600B93845 /* ComheTests */ = {
			isa = PBXGroup;
			children = (
				B422474C27CC978600B93845 /* ComheTests.m */,
			);
			path = ComheTests;
			sourceTree = "<group>";
		};
		B422475527CC978600B93845 /* ComheUITests */ = {
			isa = PBXGroup;
			children = (
				B422475627CC978600B93845 /* ComheUITests.m */,
				B422475827CC978600B93845 /* ComheUITestsLaunchTests.m */,
			);
			path = ComheUITests;
			sourceTree = "<group>";
		};
		B422476727CC97DE00B93845 /* Home */ = {
			isa = PBXGroup;
			children = (
				B46B3F9327CDB37E004E4ABD /* Model */,
				B422476827CC97DE00B93845 /* Controller */,
				B422476B27CC97DE00B93845 /* View */,
			);
			path = Home;
			sourceTree = "<group>";
		};
		B422476827CC97DE00B93845 /* Controller */ = {
			isa = PBXGroup;
			children = (
			);
			path = Controller;
			sourceTree = "<group>";
		};
		B422476B27CC97DE00B93845 /* View */ = {
			isa = PBXGroup;
			children = (
				B46B3F9B27CDE288004E4ABD /* Switch */,
				B46B3F9A27CDE267004E4ABD /* Header */,
			);
			path = View;
			sourceTree = "<group>";
		};
		B422477227CC97DE00B93845 /* Tool */ = {
			isa = PBXGroup;
			children = (
				B422477427CC97DE00B93845 /* UIView+JYFrame.h */,
				B422477327CC97DE00B93845 /* UIView+JYFrame.m */,
				B46B3F9727CDDA47004E4ABD /* UIColor+Extensions.h */,
				B46B3F9827CDDA47004E4ABD /* UIColor+Extensions.m */,
				B42247BD27CC9E4100B93845 /* CPrefixHeader.h */,
				B48708D027CF1A0A00E97E22 /* UIDeviceHelper.h */,
				B48708D127CF1A0A00E97E22 /* UIDeviceHelper.m */,
			);
			path = Tool;
			sourceTree = "<group>";
		};
		B46B3F9327CDB37E004E4ABD /* Model */ = {
			isa = PBXGroup;
			children = (
				B46B3F9427CDB51E004E4ABD /* CDrinkModel.h */,
				B46B3F9527CDB51E004E4ABD /* CDrinkModel.m */,
			);
			path = Model;
			sourceTree = "<group>";
		};
		B46B3F9A27CDE267004E4ABD /* Header */ = {
			isa = PBXGroup;
			children = (
				B422476D27CC97DE00B93845 /* CHomeHeaderView.h */,
				B422477127CC97DE00B93845 /* CHomeHeaderView.m */,
				B422476F27CC97DE00B93845 /* CHomeHeaderListView.h */,
				B422476C27CC97DE00B93845 /* CHomeHeaderListView.m */,
				B422476E27CC97DE00B93845 /* CHomeHeaderCollectionViewCell.h */,
				B422477027CC97DE00B93845 /* CHomeHeaderCollectionViewCell.m */,
			);
			path = Header;
			sourceTree = "<group>";
		};
		B46B3F9B27CDE288004E4ABD /* Switch */ = {
			isa = PBXGroup;
			children = (
				B46B3F9C27CDE2B8004E4ABD /* CHomeSwitchView.h */,
				B46B3F9D27CDE2B8004E4ABD /* CHomeSwitchView.m */,
				B46B3F9F27CDE842004E4ABD /* CHomeMoidView.h */,
				B46B3FA027CDE842004E4ABD /* CHomeMoidView.m */,
			);
			path = Switch;
			sourceTree = "<group>";
		};
/* End PBXGroup section */

/* Begin PBXNativeTarget section */
		B422472C27CC978400B93845 /* Comhe */ = {
			isa = PBXNativeTarget;
			buildConfigurationList = B422475C27CC978600B93845 /* Build configuration list for PBXNativeTarget "Comhe" */;
			buildPhases = (
				B422472927CC978400B93845 /* Sources */,
				B422472A27CC978400B93845 /* Frameworks */,
				B422472B27CC978400B93845 /* Resources */,
			);
			buildRules = (
			);
			dependencies = (
			);
			name = Comhe;
			productName = Comhe;
			productReference = B422472D27CC978400B93845 /* Comhe.app */;
			productType = "com.apple.product-type.application";
		};
		B422474727CC978600B93845 /* ComheTests */ = {
			isa = PBXNativeTarget;
			buildConfigurationList = B422475F27CC978600B93845 /* Build configuration list for PBXNativeTarget "ComheTests" */;
			buildPhases = (
				B422474427CC978600B93845 /* Sources */,
				B422474527CC978600B93845 /* Frameworks */,
				B422474627CC978600B93845 /* Resources */,
			);
			buildRules = (
			);
			dependencies = (
				B422474A27CC978600B93845 /* PBXTargetDependency */,
			);
			name = ComheTests;
			productName = ComheTests;
			productReference = B422474827CC978600B93845 /* ComheTests.xctest */;
			productType = "com.apple.product-type.bundle.unit-test";
		};
		B422475127CC978600B93845 /* ComheUITests */ = {
			isa = PBXNativeTarget;
			buildConfigurationList = B422476227CC978600B93845 /* Build configuration list for PBXNativeTarget "ComheUITests" */;
			buildPhases = (
				B422474E27CC978600B93845 /* Sources */,
				B422474F27CC978600B93845 /* Frameworks */,
				B422475027CC978600B93845 /* Resources */,
			);
			buildRules = (
			);
			dependencies = (
				B422475427CC978600B93845 /* PBXTargetDependency */,
			);
			name = ComheUITests;
			productName = ComheUITests;
			productReference = B422475227CC978600B93845 /* ComheUITests.xctest */;
			productType = "com.apple.product-type.bundle.ui-testing";
		};
/* End PBXNativeTarget section */

/* Begin PBXProject section */
		B422472527CC978400B93845 /* Project object */ = {
			isa = PBXProject;
			attributes = {
				BuildIndependentTargetsInParallel = 1;
				LastUpgradeCheck = 1300;
				TargetAttributes = {
					B422472C27CC978400B93845 = {
						CreatedOnToolsVersion = 13.0;
					};
					B422474727CC978600B93845 = {
						CreatedOnToolsVersion = 13.0;
						TestTargetID = B422472C27CC978400B93845;
					};
					B422475127CC978600B93845 = {
						CreatedOnToolsVersion = 13.0;
						TestTargetID = B422472C27CC978400B93845;
					};
				};
			};
			buildConfigurationList = B422472827CC978400B93845 /* Build configuration list for PBXProject "Comhe" */;
			compatibilityVersion = "Xcode 13.0";
			developmentRegion = en;
			hasScannedForEncodings = 0;
			knownRegions = (
				en,
				Base,
			);
			mainGroup = B422472427CC978400B93845;
			productRefGroup = B422472E27CC978400B93845 /* Products */;
			projectDirPath = "";
			projectRoot = "";
			targets = (
				B422472C27CC978400B93845 /* Comhe */,
				B422474727CC978600B93845 /* ComheTests */,
				B422475127CC978600B93845 /* ComheUITests */,
			);
		};
/* End PBXProject section */

/* Begin PBXResourcesBuildPhase section */
		B422472B27CC978400B93845 /* Resources */ = {
			isa = PBXResourcesBuildPhase;
			buildActionMask = 2147483647;
			files = (
				B422474027CC978600B93845 /* LaunchScreen.storyboard in Resources */,
				B422473D27CC978600B93845 /* Assets.xcassets in Resources */,
				B422473B27CC978400B93845 /* Main.storyboard in Resources */,
			);
			runOnlyForDeploymentPostprocessing = 0;
		};
		B422474627CC978600B93845 /* Resources */ = {
			isa = PBXResourcesBuildPhase;
			buildActionMask = 2147483647;
			files = (
			);
			runOnlyForDeploymentPostprocessing = 0;
		};
		B422475027CC978600B93845 /* Resources */ = {
			isa = PBXResourcesBuildPhase;
			buildActionMask = 2147483647;
			files = (
			);
			runOnlyForDeploymentPostprocessing = 0;
		};
/* End PBXResourcesBuildPhase section */

/* Begin PBXSourcesBuildPhase section */
		B422472927CC978400B93845 /* Sources */ = {
			isa = PBXSourcesBuildPhase;
			buildActionMask = 2147483647;
			files = (
				B422473827CC978400B93845 /* ViewController.m in Sources */,
				B422473227CC978400B93845 /* AppDelegate.m in Sources */,
				B48708D227CF1A0A00E97E22 /* UIDeviceHelper.m in Sources */,
				B422477927CC97DE00B93845 /* UIView+JYFrame.m in Sources */,
				B422477727CC97DE00B93845 /* CHomeHeaderCollectionViewCell.m in Sources */,
				B46B3FA127CDE842004E4ABD /* CHomeMoidView.m in Sources */,
				B422477827CC97DE00B93845 /* CHomeHeaderView.m in Sources */,
				B46B3F9927CDDA48004E4ABD /* UIColor+Extensions.m in Sources */,
				B46B3F9627CDB51E004E4ABD /* CDrinkModel.m in Sources */,
				B422474327CC978600B93845 /* main.m in Sources */,
				B46B3F9E27CDE2B8004E4ABD /* CHomeSwitchView.m in Sources */,
				B422477627CC97DE00B93845 /* CHomeHeaderListView.m in Sources */,
				B422473527CC978400B93845 /* SceneDelegate.m in Sources */,
			);
			runOnlyForDeploymentPostprocessing = 0;
		};
		B422474427CC978600B93845 /* Sources */ = {
			isa = PBXSourcesBuildPhase;
			buildActionMask = 2147483647;
			files = (
				B422474D27CC978600B93845 /* ComheTests.m in Sources */,
			);
			runOnlyForDeploymentPostprocessing = 0;
		};
		B422474E27CC978600B93845 /* Sources */ = {
			isa = PBXSourcesBuildPhase;
			buildActionMask = 2147483647;
			files = (
				B422475727CC978600B93845 /* ComheUITests.m in Sources */,
				B422475927CC978600B93845 /* ComheUITestsLaunchTests.m in Sources */,
			);
			runOnlyForDeploymentPostprocessing = 0;
		};
/* End PBXSourcesBuildPhase section */

/* Begin PBXTargetDependency section */
		B422474A27CC978600B93845 /* PBXTargetDependency */ = {
			isa = PBXTargetDependency;
			target = B422472C27CC978400B93845 /* Comhe */;
			targetProxy = B422474927CC978600B93845 /* PBXContainerItemProxy */;
		};
		B422475427CC978600B93845 /* PBXTargetDependency */ = {
			isa = PBXTargetDependency;
			target = B422472C27CC978400B93845 /* Comhe */;
			targetProxy = B422475327CC978600B93845 /* PBXContainerItemProxy */;
		};
/* End PBXTargetDependency section */

/* Begin PBXVariantGroup section */
		B422473927CC978400B93845 /* Main.storyboard */ = {
			isa = PBXVariantGroup;
			children = (
				B422473A27CC978400B93845 /* Base */,
			);
			name = Main.storyboard;
			sourceTree = "<group>";
		};
		B422473E27CC978600B93845 /* LaunchScreen.storyboard */ = {
			isa = PBXVariantGroup;
			children = (
				B422473F27CC978600B93845 /* Base */,
			);
			name = LaunchScreen.storyboard;
			sourceTree = "<group>";
		};
/* End PBXVariantGroup section */

/* Begin XCBuildConfiguration section */
		B422475A27CC978600B93845 /* Debug */ = {
			isa = XCBuildConfiguration;
			buildSettings = {
				ALWAYS_SEARCH_USER_PATHS = NO;
				CLANG_ANALYZER_NONNULL = YES;
				CLANG_ANALYZER_NUMBER_OBJECT_CONVERSION = YES_AGGRESSIVE;
				CLANG_CXX_LANGUAGE_STANDARD = "gnu++17";
				CLANG_CXX_LIBRARY = "libc++";
				CLANG_ENABLE_MODULES = YES;
				CLANG_ENABLE_OBJC_ARC = YES;
				CLANG_ENABLE_OBJC_WEAK = YES;
				CLANG_WARN_BLOCK_CAPTURE_AUTORELEASING = YES;
				CLANG_WARN_BOOL_CONVERSION = YES;
				CLANG_WARN_COMMA = YES;
				CLANG_WARN_CONSTANT_CONVERSION = YES;
				CLANG_WARN_DEPRECATED_OBJC_IMPLEMENTATIONS = YES;
				CLANG_WARN_DIRECT_OBJC_ISA_USAGE = YES_ERROR;
				CLANG_WARN_DOCUMENTATION_COMMENTS = YES;
				CLANG_WARN_EMPTY_BODY = YES;
				CLANG_WARN_ENUM_CONVERSION = YES;
				CLANG_WARN_INFINITE_RECURSION = YES;
				CLANG_WARN_INT_CONVERSION = YES;
				CLANG_WARN_NON_LITERAL_NULL_CONVERSION = YES;
				CLANG_WARN_OBJC_IMPLICIT_RETAIN_SELF = YES;
				CLANG_WARN_OBJC_LITERAL_CONVERSION = YES;
				CLANG_WARN_OBJC_ROOT_CLASS = YES_ERROR;
				CLANG_WARN_QUOTED_INCLUDE_IN_FRAMEWORK_HEADER = YES;
				CLANG_WARN_RANGE_LOOP_ANALYSIS = YES;
				CLANG_WARN_STRICT_PROTOTYPES = YES;
				CLANG_WARN_SUSPICIOUS_MOVE = YES;
				CLANG_WARN_UNGUARDED_AVAILABILITY = YES_AGGRESSIVE;
				CLANG_WARN_UNREACHABLE_CODE = YES;
				CLANG_WARN__DUPLICATE_METHOD_MATCH = YES;
				COPY_PHASE_STRIP = NO;
				DEBUG_INFORMATION_FORMAT = dwarf;
				ENABLE_STRICT_OBJC_MSGSEND = YES;
				ENABLE_TESTABILITY = YES;
				GCC_C_LANGUAGE_STANDARD = gnu11;
				GCC_DYNAMIC_NO_PIC = NO;
				GCC_NO_COMMON_BLOCKS = YES;
				GCC_OPTIMIZATION_LEVEL = 0;
				GCC_PREPROCESSOR_DEFINITIONS = (
					"DEBUG=1",
					"$(inherited)",
				);
				GCC_WARN_64_TO_32_BIT_CONVERSION = YES;
				GCC_WARN_ABOUT_RETURN_TYPE = YES_ERROR;
				GCC_WARN_UNDECLARED_SELECTOR = YES;
				GCC_WARN_UNINITIALIZED_AUTOS = YES_AGGRESSIVE;
				GCC_WARN_UNUSED_FUNCTION = YES;
				GCC_WARN_UNUSED_VARIABLE = YES;
				IPHONEOS_DEPLOYMENT_TARGET = 15.0;
				MTL_ENABLE_DEBUG_INFO = INCLUDE_SOURCE;
				MTL_FAST_MATH = YES;
				ONLY_ACTIVE_ARCH = YES;
				SDKROOT = iphoneos;
			};
			name = Debug;
		};
		B422475B27CC978600B93845 /* Release */ = {
			isa = XCBuildConfiguration;
			buildSettings = {
				ALWAYS_SEARCH_USER_PATHS = NO;
				CLANG_ANALYZER_NONNULL = YES;
				CLANG_ANALYZER_NUMBER_OBJECT_CONVERSION = YES_AGGRESSIVE;
				CLANG_CXX_LANGUAGE_STANDARD = "gnu++17";
				CLANG_CXX_LIBRARY = "libc++";
				CLANG_ENABLE_MODULES = YES;
				CLANG_ENABLE_OBJC_ARC = YES;
				CLANG_ENABLE_OBJC_WEAK = YES;
				CLANG_WARN_BLOCK_CAPTURE_AUTORELEASING = YES;
				CLANG_WARN_BOOL_CONVERSION = YES;
				CLANG_WARN_COMMA = YES;
				CLANG_WARN_CONSTANT_CONVERSION = YES;
				CLANG_WARN_DEPRECATED_OBJC_IMPLEMENTATIONS = YES;
				CLANG_WARN_DIRECT_OBJC_ISA_USAGE = YES_ERROR;
				CLANG_WARN_DOCUMENTATION_COMMENTS = YES;
				CLANG_WARN_EMPTY_BODY = YES;
				CLANG_WARN_ENUM_CONVERSION = YES;
				CLANG_WARN_INFINITE_RECURSION = YES;
				CLANG_WARN_INT_CONVERSION = YES;
				CLANG_WARN_NON_LITERAL_NULL_CONVERSION = YES;
				CLANG_WARN_OBJC_IMPLICIT_RETAIN_SELF = YES;
				CLANG_WARN_OBJC_LITERAL_CONVERSION = YES;
				CLANG_WARN_OBJC_ROOT_CLASS = YES_ERROR;
				CLANG_WARN_QUOTED_INCLUDE_IN_FRAMEWORK_HEADER = YES;
				CLANG_WARN_RANGE_LOOP_ANALYSIS = YES;
				CLANG_WARN_STRICT_PROTOTYPES = YES;
				CLANG_WARN_SUSPICIOUS_MOVE = YES;
				CLANG_WARN_UNGUARDED_AVAILABILITY = YES_AGGRESSIVE;
				CLANG_WARN_UNREACHABLE_CODE = YES;
				CLANG_WARN__DUPLICATE_METHOD_MATCH = YES;
				COPY_PHASE_STRIP = NO;
				DEBUG_INFORMATION_FORMAT = "dwarf-with-dsym";
				ENABLE_NS_ASSERTIONS = NO;
				ENABLE_STRICT_OBJC_MSGSEND = YES;
				GCC_C_LANGUAGE_STANDARD = gnu11;
				GCC_NO_COMMON_BLOCKS = YES;
				GCC_WARN_64_TO_32_BIT_CONVERSION = YES;
				GCC_WARN_ABOUT_RETURN_TYPE = YES_ERROR;
				GCC_WARN_UNDECLARED_SELECTOR = YES;
				GCC_WARN_UNINITIALIZED_AUTOS = YES_AGGRESSIVE;
				GCC_WARN_UNUSED_FUNCTION = YES;
				GCC_WARN_UNUSED_VARIABLE = YES;
				IPHONEOS_DEPLOYMENT_TARGET = 15.0;
				MTL_ENABLE_DEBUG_INFO = NO;
				MTL_FAST_MATH = YES;
				SDKROOT = iphoneos;
				VALIDATE_PRODUCT = YES;
			};
			name = Release;
		};
		B422475D27CC978600B93845 /* Debug */ = {
			isa = XCBuildConfiguration;
			buildSettings = {
				ASSETCATALOG_COMPILER_APPICON_NAME = AppIcon;
				ASSETCATALOG_COMPILER_GLOBAL_ACCENT_COLOR_NAME = AccentColor;
				CODE_SIGN_IDENTITY = "iPhone Developer";
				CODE_SIGN_STYLE = Manual;
				CURRENT_PROJECT_VERSION = 1;
				DEVELOPMENT_TEAM = 3U3XKPF3QC;
				GCC_PRECOMPILE_PREFIX_HEADER = NO;
				GENERATE_INFOPLIST_FILE = YES;
				INFOPLIST_FILE = Comhe/Info.plist;
				INFOPLIST_KEY_UIApplicationSupportsIndirectInputEvents = YES;
				INFOPLIST_KEY_UILaunchStoryboardName = LaunchScreen;
				INFOPLIST_KEY_UIMainStoryboardFile = Main;
				INFOPLIST_KEY_UISupportedInterfaceOrientations_iPad = "UIInterfaceOrientationPortrait UIInterfaceOrientationPortraitUpsideDown UIInterfaceOrientationLandscapeLeft UIInterfaceOrientationLandscapeRight";
				INFOPLIST_KEY_UISupportedInterfaceOrientations_iPhone = "UIInterfaceOrientationPortrait UIInterfaceOrientationLandscapeLeft UIInterfaceOrientationLandscapeRight";
				LD_RUNPATH_SEARCH_PATHS = (
					"$(inherited)",
					"@executable_path/Frameworks",
				);
				MARKETING_VERSION = 1.0;
				PRODUCT_BUNDLE_IDENTIFIER = com.sina.weibo;
				PRODUCT_NAME = "$(TARGET_NAME)";
				PROVISIONING_PROFILE_SPECIFIER = SinaWeibo_Development_Provisioning;
				SWIFT_EMIT_LOC_STRINGS = YES;
				TARGETED_DEVICE_FAMILY = "1,2";
			};
			name = Debug;
		};
		B422475E27CC978600B93845 /* Release */ = {
			isa = XCBuildConfiguration;
			buildSettings = {
				ASSETCATALOG_COMPILER_APPICON_NAME = AppIcon;
				ASSETCATALOG_COMPILER_GLOBAL_ACCENT_COLOR_NAME = AccentColor;
				CODE_SIGN_IDENTITY = "iPhone Developer";
				CODE_SIGN_STYLE = Manual;
				CURRENT_PROJECT_VERSION = 1;
				DEVELOPMENT_TEAM = 3U3XKPF3QC;
				GCC_PRECOMPILE_PREFIX_HEADER = NO;
				GENERATE_INFOPLIST_FILE = YES;
				INFOPLIST_FILE = Comhe/Info.plist;
				INFOPLIST_KEY_UIApplicationSupportsIndirectInputEvents = YES;
				INFOPLIST_KEY_UILaunchStoryboardName = LaunchScreen;
				INFOPLIST_KEY_UIMainStoryboardFile = Main;
				INFOPLIST_KEY_UISupportedInterfaceOrientations_iPad = "UIInterfaceOrientationPortrait UIInterfaceOrientationPortraitUpsideDown UIInterfaceOrientationLandscapeLeft UIInterfaceOrientationLandscapeRight";
				INFOPLIST_KEY_UISupportedInterfaceOrientations_iPhone = "UIInterfaceOrientationPortrait UIInterfaceOrientationLandscapeLeft UIInterfaceOrientationLandscapeRight";
				LD_RUNPATH_SEARCH_PATHS = (
					"$(inherited)",
					"@executable_path/Frameworks",
				);
				MARKETING_VERSION = 1.0;
				PRODUCT_BUNDLE_IDENTIFIER = com.sina.weibo;
				PRODUCT_NAME = "$(TARGET_NAME)";
				PROVISIONING_PROFILE_SPECIFIER = SinaWeibo_Development_Provisioning;
				SWIFT_EMIT_LOC_STRINGS = YES;
				TARGETED_DEVICE_FAMILY = "1,2";
			};
			name = Release;
		};
		B422476027CC978600B93845 /* Debug */ = {
			isa = XCBuildConfiguration;
			buildSettings = {
				BUNDLE_LOADER = "$(TEST_HOST)";
				CODE_SIGN_STYLE = Automatic;
				CURRENT_PROJECT_VERSION = 1;
				DEVELOPMENT_TEAM = 5XWZB6V6UY;
				GENERATE_INFOPLIST_FILE = YES;
				IPHONEOS_DEPLOYMENT_TARGET = 15.0;
				LD_RUNPATH_SEARCH_PATHS = (
					"$(inherited)",
					"@executable_path/Frameworks",
					"@loader_path/Frameworks",
				);
				MARKETING_VERSION = 1.0;
				PRODUCT_BUNDLE_IDENTIFIER = com.jiyang.ComheTests;
				PRODUCT_NAME = "$(TARGET_NAME)";
				SWIFT_EMIT_LOC_STRINGS = NO;
				TARGETED_DEVICE_FAMILY = "1,2";
				TEST_HOST = "$(BUILT_PRODUCTS_DIR)/Comhe.app/Comhe";
			};
			name = Debug;
		};
		B422476127CC978600B93845 /* Release */ = {
			isa = XCBuildConfiguration;
			buildSettings = {
				BUNDLE_LOADER = "$(TEST_HOST)";
				CODE_SIGN_STYLE = Automatic;
				CURRENT_PROJECT_VERSION = 1;
				DEVELOPMENT_TEAM = 5XWZB6V6UY;
				GENERATE_INFOPLIST_FILE = YES;
				IPHONEOS_DEPLOYMENT_TARGET = 15.0;
				LD_RUNPATH_SEARCH_PATHS = (
					"$(inherited)",
					"@executable_path/Frameworks",
					"@loader_path/Frameworks",
				);
				MARKETING_VERSION = 1.0;
				PRODUCT_BUNDLE_IDENTIFIER = com.jiyang.ComheTests;
				PRODUCT_NAME = "$(TARGET_NAME)";
				SWIFT_EMIT_LOC_STRINGS = NO;
				TARGETED_DEVICE_FAMILY = "1,2";
				TEST_HOST = "$(BUILT_PRODUCTS_DIR)/Comhe.app/Comhe";
			};
			name = Release;
		};
		B422476327CC978600B93845 /* Debug */ = {
			isa = XCBuildConfiguration;
			buildSettings = {
				CODE_SIGN_STYLE = Automatic;
				CURRENT_PROJECT_VERSION = 1;
				DEVELOPMENT_TEAM = 5XWZB6V6UY;
				GENERATE_INFOPLIST_FILE = YES;
				LD_RUNPATH_SEARCH_PATHS = (
					"$(inherited)",
					"@executable_path/Frameworks",
					"@loader_path/Frameworks",
				);
				MARKETING_VERSION = 1.0;
				PRODUCT_BUNDLE_IDENTIFIER = com.jiyang.ComheUITests;
				PRODUCT_NAME = "$(TARGET_NAME)";
				SWIFT_EMIT_LOC_STRINGS = NO;
				TARGETED_DEVICE_FAMILY = "1,2";
				TEST_TARGET_NAME = Comhe;
			};
			name = Debug;
		};
		B422476427CC978600B93845 /* Release */ = {
			isa = XCBuildConfiguration;
			buildSettings = {
				CODE_SIGN_STYLE = Automatic;
				CURRENT_PROJECT_VERSION = 1;
				DEVELOPMENT_TEAM = 5XWZB6V6UY;
				GENERATE_INFOPLIST_FILE = YES;
				LD_RUNPATH_SEARCH_PATHS = (
					"$(inherited)",
					"@executable_path/Frameworks",
					"@loader_path/Frameworks",
				);
				MARKETING_VERSION = 1.0;
				PRODUCT_BUNDLE_IDENTIFIER = com.jiyang.ComheUITests;
				PRODUCT_NAME = "$(TARGET_NAME)";
				SWIFT_EMIT_LOC_STRINGS = NO;
				TARGETED_DEVICE_FAMILY = "1,2";
				TEST_TARGET_NAME = Comhe;
			};
			name = Release;
		};
/* End XCBuildConfiguration section */

/* Begin XCConfigurationList section */
		B422472827CC978400B93845 /* Build configuration list for PBXProject "Comhe" */ = {
			isa = XCConfigurationList;
			buildConfigurations = (
				B422475A27CC978600B93845 /* Debug */,
				B422475B27CC978600B93845 /* Release */,
			);
			defaultConfigurationIsVisible = 0;
			defaultConfigurationName = Release;
		};
		B422475C27CC978600B93845 /* Build configuration list for PBXNativeTarget "Comhe" */ = {
			isa = XCConfigurationList;
			buildConfigurations = (
				B422475D27CC978600B93845 /* Debug */,
				B422475E27CC978600B93845 /* Release */,
			);
			defaultConfigurationIsVisible = 0;
			defaultConfigurationName = Release;
		};
		B422475F27CC978600B93845 /* Build configuration list for PBXNativeTarget "ComheTests" */ = {
			isa = XCConfigurationList;
			buildConfigurations = (
				B422476027CC978600B93845 /* Debug */,
				B422476127CC978600B93845 /* Release */,
			);
			defaultConfigurationIsVisible = 0;
			defaultConfigurationName = Release;
		};
		B422476227CC978600B93845 /* Build configuration list for PBXNativeTarget "ComheUITests" */ = {
			isa = XCConfigurationList;
			buildConfigurations = (
				B422476327CC978600B93845 /* Debug */,
				B422476427CC978600B93845 /* Release */,
			);
			defaultConfigurationIsVisible = 0;
			defaultConfigurationName = Release;
		};
/* End XCConfigurationList section */
	};
	rootObject = B422472527CC978400B93845 /* Project object */;
}
